
Microsoft Visual Studio Solution File, Format Version 12.00
# Visual Studio Version 16
VisualStudioVersion = 16.0.31026.101
MinimumVisualStudioVersion = 10.0.40219.1
Project("{9A19103F-16F7-4668-BE54-9A1E7A4F7556}") = "Console", "Console\Console.csproj", "{50194857-31E7-4CC1-BE39-8606767EBDDC}"
EndProject
Project("{FAE04EC0-301F-11D3-BF4B-00C04F79EFBC}") = "WindowsFormsApp", "WindowsFormsApp\WindowsFormsApp.csproj", "{5FF33427-63A7-4357-95F8-D088A83F08FF}"
EndProject
Project("{FAE04EC0-301F-11D3-BF4B-00C04F79EFBC}") = "Library", "Library\Library.csproj", "{E3A3DF72-62B7-4063-8B48-F244266F4A61}"
EndProject
Global
	GlobalSection(SolutionConfigurationPlatforms) = preSolution
		Debug|Any CPU = Debug|Any CPU
		Release|Any CPU = Release|Any CPU
	EndGlobalSection
	GlobalSection(ProjectConfigurationPlatforms) = postSolution
		{50194857-31E7-4CC1-BE39-8606767EBDDC}.Debug|Any CPU.ActiveCfg = Debug|Any CPU
		{50194857-31E7-4CC1-BE39-8606767EBDDC}.Debug|Any CPU.Build.0 = Debug|Any CPU
		{50194857-31E7-4CC1-BE39-8606767EBDDC}.Release|Any CPU.ActiveCfg = Release|Any CPU
		{50194857-31E7-4CC1-BE39-8606767EBDDC}.Release|Any CPU.Build.0 = Release|Any CPU
		{5FF33427-63A7-4357-95F8-D088A83F08FF}.Debug|Any CPU.ActiveCfg = Debug|Any CPU
		{5FF33427-63A7-4357-95F8-D088A83F08FF}.Debug|Any CPU.Build.0 = Debug|Any CPU
		{5FF33427-63A7-4357-95F8-D088A83F08FF}.Release|Any CPU.ActiveCfg = Release|Any CPU
		{5FF33427-63A7-4357-95F8-D088A83F08FF}.Release|Any CPU.Build.0 = Release|Any CPU
		{E3A3DF72-62B7-4063-8B48-F244266F4A61}.Debug|Any CPU.ActiveCfg = Debug|Any CPU
		{E3A3DF72-62B7-4063-8B48-F244266F4A61}.Debug|Any CPU.Build.0 = Debug|Any CPU
		{E3A3DF72-62B7-4063-8B48-F244266F4A61}.Release|Any CPU.ActiveCfg = Release|Any CPU
		{E3A3DF72-62B7-4063-8B48-F244266F4A61}.Release|Any CPU.Build.0 = Release|Any CPU
	EndGlobalSection
	GlobalSection(SolutionProperties) = preSolution
		HideSolutionNode = FALSE
	EndGlobalSection
	GlobalSection(ExtensibilityGlobals) = postSolution
		SolutionGuid = {0AD3BCF6-4ADF-4849-A492-F2ACC404E834}
	EndGlobalSection
EndGlobal
